
Microsoft Visual Studio Solution File, Format Version 12.00
# Visual Studio Version 17
VisualStudioVersion = 17.13.35825.156 d17.13
MinimumVisualStudioVersion = 10.0.40219.1
Project("{FAE04EC0-301F-11D3-BF4B-00C04F79EFBC}") = "JoinAndNavigationProperty", "JoinAndNavigationProperty\JoinAndNavigationProperty.csproj", "{B55F02DC-5A01-48E3-8AD7-D24BED3FC2F0}"
EndProject
Global
	GlobalSection(SolutionConfigurationPlatforms) = preSolution
		Debug|Any CPU = Debug|Any CPU
		Release|Any CPU = Release|Any CPU
	EndGlobalSection
	GlobalSection(ProjectConfigurationPlatforms) = postSolution
		{B55F02DC-5A01-48E3-8AD7-D24BED3FC2F0}.Debug|Any CPU.ActiveCfg = Debug|Any CPU
		{B55F02DC-5A01-48E3-8AD7-D24BED3FC2F0}.Debug|Any CPU.Build.0 = Debug|Any CPU
		{B55F02DC-5A01-48E3-8AD7-D24BED3FC2F0}.Release|Any CPU.ActiveCfg = Release|Any CPU
		{B55F02DC-5A01-48E3-8AD7-D24BED3FC2F0}.Release|Any CPU.Build.0 = Release|Any CPU
	EndGlobalSection
	GlobalSection(SolutionProperties) = preSolution
		HideSolutionNode = FALSE
	EndGlobalSection
	GlobalSection(ExtensibilityGlobals) = postSolution
		SolutionGuid = {3CA760EE-2B53-4BB8-B8F4-072F94210F11}
	EndGlobalSection
EndGlobal
